{
  "pins" : [
    {
      "identity" : "dsfregex",
      "kind" : "remoteSourceControl",
      "location" : "https://github.com/dagronf/DSFRegex",
      "state" : {
        "revision" : "f1ce5c208384bb238b07905d140c2e60182e3601",
        "version" : "3.3.1"
      }
    },
    {
      "identity" : "haishinkit.swift",
      "kind" : "remoteSourceControl",
      "location" : "https://github.com/shogo4405/HaishinKit.swift",
      "state" : {
        "revision" : "0fdd6b0046964161e3a7d263685ac1737e57a341",
        "version" : "1.7.3"
      }
    },
    {
      "identity" : "kingfisher",
      "kind" : "remoteSourceControl",
      "location" : "https://github.com/onevcat/Kingfisher.git",
      "state" : {
        "branch" : "master",
        "revision" : "277f1ab2c6664b19b4a412e32b094b201e2d5757"
      }
    },
    {
      "identity" : "logboard",
      "kind" : "remoteSourceControl",
      "location" : "https://github.com/shogo4405/Logboard.git",
      "state" : {
        "revision" : "6a7cbf54553936103084ed72cfb6d6f836758229",
        "version" : "2.4.1"
      }
    },
    {
      "identity" : "swift-package-manager-google-interactive-media-ads-ios",
      "kind" : "remoteSourceControl",
      "location" : "https://github.com/googleads/swift-package-manager-google-interactive-media-ads-ios.git",
      "state" : {
        "revision" : "fed61380cddcc0e39709357418822e9e88ea07ae",
        "version" : "3.18.4"
      }
    },
    {
      "identity" : "swiftsubtitles",
      "kind" : "remoteSourceControl",
      "location" : "https://github.com/dagronf/SwiftSubtitles.git",
      "state" : {
        "branch" : "main",
        "revision" : "9610acc4a62f0b274f4fc62c4d600da098fe5892"
      }
    },
    {
      "identity" : "tinycsv",
      "kind" : "remoteSourceControl",
      "location" : "https://github.com/dagronf/TinyCSV",
      "state" : {
        "revision" : "63f30830cd986de84cd844d59926cf1aa2009f0b",
        "version" : "0.5.3"
      }
    },
    {
      "identity" : "tuskit",
      "kind" : "remoteSourceControl",
      "location" : "https://github.com/tus/TUSKit.git",
      "state" : {
        "branch" : "main",
        "revision" : "3afde4888638e434392a60f9cf6363244351b352"
      }
    }
  ],
  "version" : 2
}
